
Microsoft Visual Studio Solution File, Format Version 12.00
# Visual Studio Version 16
VisualStudioVersion = 16.0.31129.286
MinimumVisualStudioVersion = 10.0.40219.1
Project("{FAE04EC0-301F-11D3-BF4B-00C04F79EFBC}") = "OneToOneRelationship", "OneToOneRelationship\OneToOneRelationship.csproj", "{92FE7F1B-C4D8-4E49-B897-4D63FA697AE2}"
EndProject
Global
	GlobalSection(SolutionConfigurationPlatforms) = preSolution
		Debug|Any CPU = Debug|Any CPU
		Release|Any CPU = Release|Any CPU
	EndGlobalSection
	GlobalSection(ProjectConfigurationPlatforms) = postSolution
		{92FE7F1B-C4D8-4E49-B897-4D63FA697AE2}.Debug|Any CPU.ActiveCfg = Debug|Any CPU
		{92FE7F1B-C4D8-4E49-B897-4D63FA697AE2}.Debug|Any CPU.Build.0 = Debug|Any CPU
		{92FE7F1B-C4D8-4E49-B897-4D63FA697AE2}.Release|Any CPU.ActiveCfg = Release|Any CPU
		{92FE7F1B-C4D8-4E49-B897-4D63FA697AE2}.Release|Any CPU.Build.0 = Release|Any CPU
	EndGlobalSection
	GlobalSection(SolutionProperties) = preSolution
		HideSolutionNode = FALSE
	EndGlobalSection
	GlobalSection(ExtensibilityGlobals) = postSolution
		SolutionGuid = {ADFC55BB-8905-4EB0-A353-F259BE8684C0}
	EndGlobalSection
EndGlobal
