
Microsoft Visual Studio Solution File, Format Version 12.00
# Visual Studio Version 16
VisualStudioVersion = 16.0.31129.286
MinimumVisualStudioVersion = 10.0.40219.1
Project("{FAE04EC0-301F-11D3-BF4B-00C04F79EFBC}") = "OneToMany", "OneToMany\OneToMany.csproj", "{82AACC92-F05D-4C5B-A84C-FCFF1F46E9A0}"
EndProject
Global
	GlobalSection(SolutionConfigurationPlatforms) = preSolution
		Debug|Any CPU = Debug|Any CPU
		Release|Any CPU = Release|Any CPU
	EndGlobalSection
	GlobalSection(ProjectConfigurationPlatforms) = postSolution
		{82AACC92-F05D-4C5B-A84C-FCFF1F46E9A0}.Debug|Any CPU.ActiveCfg = Debug|Any CPU
		{82AACC92-F05D-4C5B-A84C-FCFF1F46E9A0}.Debug|Any CPU.Build.0 = Debug|Any CPU
		{82AACC92-F05D-4C5B-A84C-FCFF1F46E9A0}.Release|Any CPU.ActiveCfg = Release|Any CPU
		{82AACC92-F05D-4C5B-A84C-FCFF1F46E9A0}.Release|Any CPU.Build.0 = Release|Any CPU
	EndGlobalSection
	GlobalSection(SolutionProperties) = preSolution
		HideSolutionNode = FALSE
	EndGlobalSection
	GlobalSection(ExtensibilityGlobals) = postSolution
		SolutionGuid = {7879DCE7-D8A2-4A5D-B255-D2370F31AED2}
	EndGlobalSection
EndGlobal
